# THIS IS AN AUTOGENERATED FILE. DO NOT EDIT THIS FILE DIRECTLY.
# yarn lockfile v1


hls.js@^1.4.3:
  version "1.4.12"
  resolved "https://registry.yarnpkg.com/hls.js/-/hls.js-1.4.12.tgz#2022daa29d10c662387d80a5297f8330f8ef5ee2"
  integrity sha512-1RBpx2VihibzE3WE9kGoVCtrhhDWTzydzElk/kyRbEOLnb1WIE+3ZabM/L8BqKFTCL3pUy4QzhXgD1Q6Igr1JA==

vue-hls-video-player@^1.0.1:
  version "1.0.1"
  resolved "https://registry.yarnpkg.com/vue-hls-video-player/-/vue-hls-video-player-1.0.1.tgz#6a484a2ed9ccf16953b5fadaee52dbc280703f76"
  integrity sha512-zG+L71Jidc1zqc6+8OdM8SaRIhdTaIKcM0QFEdTX7gHWIzUKBzgACeHE4fjPy5rUvGL6A3JzVfUEeZVw5DpbDA==
  dependencies:
    hls.js "^1.4.3"
